lockfileVersion: '9.0'

settings:
  autoInstallPeers: true
  excludeLinksFromLockfile: false

importers:

  .:
    dependencies:
      '@types/lodash-es':
        specifier: ^4.17.12
        version: 4.17.12
      '@types/react':
        specifier: ^19.1.4
        version: 19.1.4
      create-slots:
        specifier: ^0.6.1
        version: 0.6.1(react@19.1.0)
      lodash-es:
        specifier: ^4.17.21
        version: 4.17.21
      react:
        specifier: ^19.1.0
        version: 19.1.0

packages:

  '@types/lodash-es@4.17.12':
    resolution: {integrity: sha512-0NgftHUcV4v34VhXm8QBSftKVXtbkBG3ViCjs6+eJ5a6y6Mi/jiFGPc1sC7QK+9BFhWrURE3EOggmWaSxL9OzQ==}

  '@types/lodash@4.17.16':
    resolution: {integrity: sha512-HX7Em5NYQAXKW+1T+FiuG27NGwzJfCX3s1GjOa7ujxZa52kjJLOr4FUxT+giF6Tgxv1e+/czV/iTtBw27WTU9g==}

  '@types/react@19.1.4':
    resolution: {integrity: sha512-EB1yiiYdvySuIITtD5lhW4yPyJ31RkJkkDw794LaQYrxCSaQV/47y5o1FMC4zF9ZyjUjzJMZwbovEnT5yHTW6g==}

  create-slots@0.6.1:
    resolution: {integrity: sha512-JS42cy0izLxyzTApqazoPsRGnw+GnPF8sG4mWxI3RcSZu5qwZpAA+8jUXKBQdI5qL4p1zlod6nKdV6y9LeD8ww==}
    peerDependencies:
      react: ^16.0.0 || ^17 || ^18

  csstype@3.1.3:
    resolution: {integrity: sha512-M1uQkMl8rQK/szD0LNhtqxIPLpimGm8sOBwU7lLnCpSbTyY3yeU1Vc7l4KT5zT4s/yOxHH5O7tIuuLOCnLADRw==}

  lodash-es@4.17.21:
    resolution: {integrity: sha512-mKnC+QJ9pWVzv+C4/U3rRsHapFfHvQFoFB92e52xeyGMcX6/OlIl78je1u8vePzYZSkkogMPJ2yjxxsb89cxyw==}

  react@19.1.0:
    resolution: {integrity: sha512-FS+XFBNvn3GTAWq26joslQgWNoFu08F4kl0J4CgdNKADkdSGXQyTCnKteIAJy96Br6YbpEU1LSzV5dYtjMkMDg==}
    engines: {node: '>=0.10.0'}

snapshots:

  '@types/lodash-es@4.17.12':
    dependencies:
      '@types/lodash': 4.17.16

  '@types/lodash@4.17.16': {}

  '@types/react@19.1.4':
    dependencies:
      csstype: 3.1.3

  create-slots@0.6.1(react@19.1.0):
    dependencies:
      react: 19.1.0

  csstype@3.1.3: {}

  lodash-es@4.17.21: {}

  react@19.1.0: {}
